// !$*UTF8*$!
{
	archiveVersion = 1;
	classes = {
	};
	objectVersion = 55;
	objects = {

/* Begin PBXBuildFile section */
		9E2B09E028357D6D0025E0E5 /* nexo_cam2App.swift in Sources */ = {isa = PBXBuildFile; fileRef = 9E2B09DF28357D6D0025E0E5 /* nexo_cam2App.swift */; };
		9E2B09E228357D6D0025E0E5 /* CameraView.swift in Sources */ = {isa = PBXBuildFile; fileRef = 9E2B09E128357D6D0025E0E5 /* CameraView.swift */; };
		9E2B09E428357D6F0025E0E5 /* Assets.xcassets in Resources */ = {isa = PBXBuildFile; fileRef = 9E2B09E328357D6F0025E0E5 /* Assets.xcassets */; };
		9E2B09E728357D6F0025E0E5 /* Preview Assets.xcassets in Resources */ = {isa = PBXBuildFile; fileRef = 9E2B09E628357D6F0025E0E5 /* Preview Assets.xcassets */; };
		9E2B09EF28357E0E0025E0E5 /* CameraModel.swift in Sources */ = {isa = PBXBuildFile; fileRef = 9E2B09EE28357E0E0025E0E5 /* CameraModel.swift */; };
		9E2B09F32835822A0025E0E5 /* CameraViewModel.swift in Sources */ = {isa = PBXBuildFile; fileRef = 9E2B09F22835822A0025E0E5 /* CameraViewModel.swift */; };
		9E2B09F5283582D50025E0E5 /* ErrorModel.swift in Sources */ = {isa = PBXBuildFile; fileRef = 9E2B09F4283582D50025E0E5 /* ErrorModel.swift */; };
/* End PBXBuildFile section */

/* Begin PBXFileReference section */
		9E2B09DC28357D6D0025E0E5 /* nexo-cam2.app */ = {isa = PBXFileReference; explicitFileType = wrapper.application; includeInIndex = 0; path = "nexo-cam2.app"; sourceTree = BUILT_PRODUCTS_DIR; };
		9E2B09DF28357D6D0025E0E5 /* nexo_cam2App.swift */ = {isa = PBXFileReference; lastKnownFileType = sourcecode.swift; path = nexo_cam2App.swift; sourceTree = "<group>"; };
		9E2B09E128357D6D0025E0E5 /* CameraView.swift */ = {isa = PBXFileReference; lastKnownFileType = sourcecode.swift; path = CameraView.swift; sourceTree = "<group>"; };
		9E2B09E328357D6F0025E0E5 /* Assets.xcassets */ = {isa = PBXFileReference; lastKnownFileType = folder.assetcatalog; path = Assets.xcassets; sourceTree = "<group>"; };
		9E2B09E628357D6F0025E0E5 /* Preview Assets.xcassets */ = {isa = PBXFileReference; lastKnownFileType = folder.assetcatalog; path = "Preview Assets.xcassets"; sourceTree = "<group>"; };
		9E2B09EE28357E0E0025E0E5 /* CameraModel.swift */ = {isa = PBXFileReference; lastKnownFileType = sourcecode.swift; path = CameraModel.swift; sourceTree = "<group>"; };
		9E2B09F22835822A0025E0E5 /* CameraViewModel.swift */ = {isa = PBXFileReference; lastKnownFileType = sourcecode.swift; path = CameraViewModel.swift; sourceTree = "<group>"; };
		9E2B09F4283582D50025E0E5 /* ErrorModel.swift */ = {isa = PBXFileReference; lastKnownFileType = sourcecode.swift; path = ErrorModel.swift; sourceTree = "<group>"; };
/* End PBXFileReference section */

/* Begin PBXFrameworksBuildPhase section */
		9E2B09D928357D6D0025E0E5 /* Frameworks */ = {
			isa = PBXFrameworksBuildPhase;
			buildActionMask = 2147483647;
			files = (
			);
			runOnlyForDeploymentPostprocessing = 0;
		};
/* End PBXFrameworksBuildPhase section */

/* Begin PBXGroup section */
		9E2B09D328357D6D0025E0E5 = {
			isa = PBXGroup;
			children = (
				9E2B09DE28357D6D0025E0E5 /* nexo-cam2 */,
				9E2B09DD28357D6D0025E0E5 /* Products */,
			);
			sourceTree = "<group>";
		};
		9E2B09DD28357D6D0025E0E5 /* Products */ = {
			isa = PBXGroup;
			children = (
				9E2B09DC28357D6D0025E0E5 /* nexo-cam2.app */,
			);
			name = Products;
			sourceTree = "<group>";
		};
		9E2B09DE28357D6D0025E0E5 /* nexo-cam2 */ = {
			isa = PBXGroup;
			children = (
				9E2B09F12835821F0025E0E5 /* ViewModel */,
				9E2B09F028357ECB0025E0E5 /* View */,
				9E2B09ED28357DF20025E0E5 /* Model */,
				9E2B09DF28357D6D0025E0E5 /* nexo_cam2App.swift */,
				9E2B09E328357D6F0025E0E5 /* Assets.xcassets */,
				9E2B09E528357D6F0025E0E5 /* Preview Content */,
			);
			path = "nexo-cam2";
			sourceTree = "<group>";
		};
		9E2B09E528357D6F0025E0E5 /* Preview Content */ = {
			isa = PBXGroup;
			children = (
				9E2B09E628357D6F0025E0E5 /* Preview Assets.xcassets */,
			);
			path = "Preview Content";
			sourceTree = "<group>";
		};
		9E2B09ED28357DF20025E0E5 /* Model */ = {
			isa = PBXGroup;
			children = (
				9E2B09EE28357E0E0025E0E5 /* CameraModel.swift */,
				9E2B09F4283582D50025E0E5 /* ErrorModel.swift */,
			);
			path = Model;
			sourceTree = "<group>";
		};
		9E2B09F028357ECB0025E0E5 /* View */ = {
			isa = PBXGroup;
			children = (
				9E2B09E128357D6D0025E0E5 /* CameraView.swift */,
			);
			path = View;
			sourceTree = "<group>";
		};
		9E2B09F12835821F0025E0E5 /* ViewModel */ = {
			isa = PBXGroup;
			children = (
				9E2B09F22835822A0025E0E5 /* CameraViewModel.swift */,
			);
			path = ViewModel;
			sourceTree = "<group>";
		};
/* End PBXGroup section */

/* Begin PBXNativeTarget section */
		9E2B09DB28357D6D0025E0E5 /* nexo-cam2 */ = {
			isa = PBXNativeTarget;
			buildConfigurationList = 9E2B09EA28357D6F0025E0E5 /* Build configuration list for PBXNativeTarget "nexo-cam2" */;
			buildPhases = (
				9E2B09D828357D6D0025E0E5 /* Sources */,
				9E2B09D928357D6D0025E0E5 /* Frameworks */,
				9E2B09DA28357D6D0025E0E5 /* Resources */,
			);
			buildRules = (
			);
			dependencies = (
			);
			name = "nexo-cam2";
			productName = "nexo-cam2";
			productReference = 9E2B09DC28357D6D0025E0E5 /* nexo-cam2.app */;
			productType = "com.apple.product-type.application";
		};
/* End PBXNativeTarget section */

/* Begin PBXProject section */
		9E2B09D428357D6D0025E0E5 /* Project object */ = {
			isa = PBXProject;
			attributes = {
				BuildIndependentTargetsInParallel = 1;
				LastSwiftUpdateCheck = 1340;
				LastUpgradeCheck = 1340;
				TargetAttributes = {
					9E2B09DB28357D6D0025E0E5 = {
						CreatedOnToolsVersion = 13.4;
					};
				};
			};
			buildConfigurationList = 9E2B09D728357D6D0025E0E5 /* Build configuration list for PBXProject "nexo-cam2" */;
			compatibilityVersion = "Xcode 13.0";
			developmentRegion = en;
			hasScannedForEncodings = 0;
			knownRegions = (
				en,
				Base,
			);
			mainGroup = 9E2B09D328357D6D0025E0E5;
			productRefGroup = 9E2B09DD28357D6D0025E0E5 /* Products */;
			projectDirPath = "";
			projectRoot = "";
			targets = (
				9E2B09DB28357D6D0025E0E5 /* nexo-cam2 */,
			);
		};
/* End PBXProject section */

/* Begin PBXResourcesBuildPhase section */
		9E2B09DA28357D6D0025E0E5 /* Resources */ = {
			isa = PBXResourcesBuildPhase;
			buildActionMask = 2147483647;
			files = (
				9E2B09E728357D6F0025E0E5 /* Preview Assets.xcassets in Resources */,
				9E2B09E428357D6F0025E0E5 /* Assets.xcassets in Resources */,
			);
			runOnlyForDeploymentPostprocessing = 0;
		};
/* End PBXResourcesBuildPhase section */

/* Begin PBXSourcesBuildPhase section */
		9E2B09D828357D6D0025E0E5 /* Sources */ = {
			isa = PBXSourcesBuildPhase;
			buildActionMask = 2147483647;
			files = (
				9E2B09F5283582D50025E0E5 /* ErrorModel.swift in Sources */,
				9E2B09E228357D6D0025E0E5 /* CameraView.swift in Sources */,
				9E2B09F32835822A0025E0E5 /* CameraViewModel.swift in Sources */,
				9E2B09E028357D6D0025E0E5 /* nexo_cam2App.swift in Sources */,
				9E2B09EF28357E0E0025E0E5 /* CameraModel.swift in Sources */,
			);
			runOnlyForDeploymentPostprocessing = 0;
		};
/* End PBXSourcesBuildPhase section */

/* Begin XCBuildConfiguration section */
		9E2B09E828357D6F0025E0E5 /* Debug */ = {
			isa = XCBuildConfiguration;
			buildSettings = {
				ALWAYS_SEARCH_USER_PATHS = NO;
				CLANG_ANALYZER_NONNULL = YES;
				CLANG_ANALYZER_NUMBER_OBJECT_CONVERSION = YES_AGGRESSIVE;
				CLANG_CXX_LANGUAGE_STANDARD = "gnu++17";
				CLANG_ENABLE_MODULES = YES;
				CLANG_ENABLE_OBJC_ARC = YES;
				CLANG_ENABLE_OBJC_WEAK = YES;
				CLANG_WARN_BLOCK_CAPTURE_AUTORELEASING = YES;
				CLANG_WARN_BOOL_CONVERSION = YES;
				CLANG_WARN_COMMA = YES;
				CLANG_WARN_CONSTANT_CONVERSION = YES;
				CLANG_WARN_DEPRECATED_OBJC_IMPLEMENTATIONS = YES;
				CLANG_WARN_DIRECT_OBJC_ISA_USAGE = YES_ERROR;
				CLANG_WARN_DOCUMENTATION_COMMENTS = YES;
				CLANG_WARN_EMPTY_BODY = YES;
				CLANG_WARN_ENUM_CONVERSION = YES;
				CLANG_WARN_INFINITE_RECURSION = YES;
				CLANG_WARN_INT_CONVERSION = YES;
				CLANG_WARN_NON_LITERAL_NULL_CONVERSION = YES;
				CLANG_WARN_OBJC_IMPLICIT_RETAIN_SELF = YES;
				CLANG_WARN_OBJC_LITERAL_CONVERSION = YES;
				CLANG_WARN_OBJC_ROOT_CLASS = YES_ERROR;
				CLANG_WARN_QUOTED_INCLUDE_IN_FRAMEWORK_HEADER = YES;
				CLANG_WARN_RANGE_LOOP_ANALYSIS = YES;
				CLANG_WARN_STRICT_PROTOTYPES = YES;
				CLANG_WARN_SUSPICIOUS_MOVE = YES;
				CLANG_WARN_UNGUARDED_AVAILABILITY = YES_AGGRESSIVE;
				CLANG_WARN_UNREACHABLE_CODE = YES;
				CLANG_WARN__DUPLICATE_METHOD_MATCH = YES;
				COPY_PHASE_STRIP = NO;
				DEBUG_INFORMATION_FORMAT = dwarf;
				ENABLE_STRICT_OBJC_MSGSEND = YES;
				ENABLE_TESTABILITY = YES;
				GCC_C_LANGUAGE_STANDARD = gnu11;
				GCC_DYNAMIC_NO_PIC = NO;
				GCC_NO_COMMON_BLOCKS = YES;
				GCC_OPTIMIZATION_LEVEL = 0;
				GCC_PREPROCESSOR_DEFINITIONS = (
					"DEBUG=1",
					"$(inherited)",
				);
				GCC_WARN_64_TO_32_BIT_CONVERSION = YES;
				GCC_WARN_ABOUT_RETURN_TYPE = YES_ERROR;
				GCC_WARN_UNDECLARED_SELECTOR = YES;
				GCC_WARN_UNINITIALIZED_AUTOS = YES_AGGRESSIVE;
				GCC_WARN_UNUSED_FUNCTION = YES;
				GCC_WARN_UNUSED_VARIABLE = YES;
				IPHONEOS_DEPLOYMENT_TARGET = 15.5;
				MTL_ENABLE_DEBUG_INFO = INCLUDE_SOURCE;
				MTL_FAST_MATH = YES;
				ONLY_ACTIVE_ARCH = YES;
				SDKROOT = iphoneos;
				SWIFT_ACTIVE_COMPILATION_CONDITIONS = DEBUG;
				SWIFT_OPTIMIZATION_LEVEL = "-Onone";
			};
			name = Debug;
		};
		9E2B09E928357D6F0025E0E5 /* Release */ = {
			isa = XCBuildConfiguration;
			buildSettings = {
				ALWAYS_SEARCH_USER_PATHS = NO;
				CLANG_ANALYZER_NONNULL = YES;
				CLANG_ANALYZER_NUMBER_OBJECT_CONVERSION = YES_AGGRESSIVE;
				CLANG_CXX_LANGUAGE_STANDARD = "gnu++17";
				CLANG_ENABLE_MODULES = YES;
				CLANG_ENABLE_OBJC_ARC = YES;
				CLANG_ENABLE_OBJC_WEAK = YES;
				CLANG_WARN_BLOCK_CAPTURE_AUTORELEASING = YES;
				CLANG_WARN_BOOL_CONVERSION = YES;
				CLANG_WARN_COMMA = YES;
				CLANG_WARN_CONSTANT_CONVERSION = YES;
				CLANG_WARN_DEPRECATED_OBJC_IMPLEMENTATIONS = YES;
				CLANG_WARN_DIRECT_OBJC_ISA_USAGE = YES_ERROR;
				CLANG_WARN_DOCUMENTATION_COMMENTS = YES;
				CLANG_WARN_EMPTY_BODY = YES;
				CLANG_WARN_ENUM_CONVERSION = YES;
				CLANG_WARN_INFINITE_RECURSION = YES;
				CLANG_WARN_INT_CONVERSION = YES;
				CLANG_WARN_NON_LITERAL_NULL_CONVERSION = YES;
				CLANG_WARN_OBJC_IMPLICIT_RETAIN_SELF = YES;
				CLANG_WARN_OBJC_LITERAL_CONVERSION = YES;
				CLANG_WARN_OBJC_ROOT_CLASS = YES_ERROR;
				CLANG_WARN_QUOTED_INCLUDE_IN_FRAMEWORK_HEADER = YES;
				CLANG_WARN_RANGE_LOOP_ANALYSIS = YES;
				CLANG_WARN_STRICT_PROTOTYPES = YES;
				CLANG_WARN_SUSPICIOUS_MOVE = YES;
				CLANG_WARN_UNGUARDED_AVAILABILITY = YES_AGGRESSIVE;
				CLANG_WARN_UNREACHABLE_CODE = YES;
				CLANG_WARN__DUPLICATE_METHOD_MATCH = YES;
				COPY_PHASE_STRIP = NO;
				DEBUG_INFORMATION_FORMAT = "dwarf-with-dsym";
				ENABLE_NS_ASSERTIONS = NO;
				ENABLE_STRICT_OBJC_MSGSEND = YES;
				GCC_C_LANGUAGE_STANDARD = gnu11;
				GCC_NO_COMMON_BLOCKS = YES;
				GCC_WARN_64_TO_32_BIT_CONVERSION = YES;
				GCC_WARN_ABOUT_RETURN_TYPE = YES_ERROR;
				GCC_WARN_UNDECLARED_SELECTOR = YES;
				GCC_WARN_UNINITIALIZED_AUTOS = YES_AGGRESSIVE;
				GCC_WARN_UNUSED_FUNCTION = YES;
				GCC_WARN_UNUSED_VARIABLE = YES;
				IPHONEOS_DEPLOYMENT_TARGET = 15.5;
				MTL_ENABLE_DEBUG_INFO = NO;
				MTL_FAST_MATH = YES;
				SDKROOT = iphoneos;
				SWIFT_COMPILATION_MODE = wholemodule;
				SWIFT_OPTIMIZATION_LEVEL = "-O";
				VALIDATE_PRODUCT = YES;
			};
			name = Release;
		};
		9E2B09EB28357D6F0025E0E5 /* Debug */ = {
			isa = XCBuildConfiguration;
			buildSettings = {
				ASSETCATALOG_COMPILER_APPICON_NAME = AppIcon;
				ASSETCATALOG_COMPILER_GLOBAL_ACCENT_COLOR_NAME = AccentColor;
				CODE_SIGN_STYLE = Automatic;
				CURRENT_PROJECT_VERSION = 1;
				DEVELOPMENT_ASSET_PATHS = "\"nexo-cam2/Preview Content\"";
				DEVELOPMENT_TEAM = 4M37P4SA8Z;
				ENABLE_PREVIEWS = YES;
				GENERATE_INFOPLIST_FILE = YES;
				INFOPLIST_KEY_UIApplicationSceneManifest_Generation = YES;
				INFOPLIST_KEY_UIApplicationSupportsIndirectInputEvents = YES;
				INFOPLIST_KEY_UILaunchScreen_Generation = YES;
				INFOPLIST_KEY_UISupportedInterfaceOrientations_iPad = "UIInterfaceOrientationPortrait UIInterfaceOrientationPortraitUpsideDown UIInterfaceOrientationLandscapeLeft UIInterfaceOrientationLandscapeRight";
				INFOPLIST_KEY_UISupportedInterfaceOrientations_iPhone = "UIInterfaceOrientationPortrait UIInterfaceOrientationLandscapeLeft UIInterfaceOrientationLandscapeRight";
				IPHONEOS_DEPLOYMENT_TARGET = 14.0;
				LD_RUNPATH_SEARCH_PATHS = (
					"$(inherited)",
					"@executable_path/Frameworks",
				);
				MARKETING_VERSION = 1.0;
				PRODUCT_BUNDLE_IDENTIFIER = "luciacarrera.nexo-cam";
				PRODUCT_NAME = "$(TARGET_NAME)";
				SWIFT_EMIT_LOC_STRINGS = YES;
				SWIFT_VERSION = 5.0;
				TARGETED_DEVICE_FAMILY = "1,2";
			};
			name = Debug;
		};
		9E2B09EC28357D6F0025E0E5 /* Release */ = {
			isa = XCBuildConfiguration;
			buildSettings = {
				ASSETCATALOG_COMPILER_APPICON_NAME = AppIcon;
				ASSETCATALOG_COMPILER_GLOBAL_ACCENT_COLOR_NAME = AccentColor;
				CODE_SIGN_STYLE = Automatic;
				CURRENT_PROJECT_VERSION = 1;
				DEVELOPMENT_ASSET_PATHS = "\"nexo-cam2/Preview Content\"";
				DEVELOPMENT_TEAM = 4M37P4SA8Z;
				ENABLE_PREVIEWS = YES;
				GENERATE_INFOPLIST_FILE = YES;
				INFOPLIST_KEY_UIApplicationSceneManifest_Generation = YES;
				INFOPLIST_KEY_UIApplicationSupportsIndirectInputEvents = YES;
				INFOPLIST_KEY_UILaunchScreen_Generation = YES;
				INFOPLIST_KEY_UISupportedInterfaceOrientations_iPad = "UIInterfaceOrientationPortrait UIInterfaceOrientationPortraitUpsideDown UIInterfaceOrientationLandscapeLeft UIInterfaceOrientationLandscapeRight";
				INFOPLIST_KEY_UISupportedInterfaceOrientations_iPhone = "UIInterfaceOrientationPortrait UIInterfaceOrientationLandscapeLeft UIInterfaceOrientationLandscapeRight";
				IPHONEOS_DEPLOYMENT_TARGET = 14.0;
				LD_RUNPATH_SEARCH_PATHS = (
					"$(inherited)",
					"@executable_path/Frameworks",
				);
				MARKETING_VERSION = 1.0;
				PRODUCT_BUNDLE_IDENTIFIER = "luciacarrera.nexo-cam";
				PRODUCT_NAME = "$(TARGET_NAME)";
				SWIFT_EMIT_LOC_STRINGS = YES;
				SWIFT_VERSION = 5.0;
				TARGETED_DEVICE_FAMILY = "1,2";
			};
			name = Release;
		};
/* End XCBuildConfiguration section */

/* Begin XCConfigurationList section */
		9E2B09D728357D6D0025E0E5 /* Build configuration list for PBXProject "nexo-cam2" */ = {
			isa = XCConfigurationList;
			buildConfigurations = (
				9E2B09E828357D6F0025E0E5 /* Debug */,
				9E2B09E928357D6F0025E0E5 /* Release */,
			);
			defaultConfigurationIsVisible = 0;
			defaultConfigurationName = Release;
		};
		9E2B09EA28357D6F0025E0E5 /* Build configuration list for PBXNativeTarget "nexo-cam2" */ = {
			isa = XCConfigurationList;
			buildConfigurations = (
				9E2B09EB28357D6F0025E0E5 /* Debug */,
				9E2B09EC28357D6F0025E0E5 /* Release */,
			);
			defaultConfigurationIsVisible = 0;
			defaultConfigurationName = Release;
		};
/* End XCConfigurationList section */
	};
	rootObject = 9E2B09D428357D6D0025E0E5 /* Project object */;
}
