// !$*UTF8*$!
{
	archiveVersion = 1;
	classes = {
	};
	objectVersion = 55;
	objects = {

/* Begin PBXBuildFile section */
		9E34398B2832D54D0012174D /* nexo_camApp.swift in Sources */ = {isa = PBXBuildFile; fileRef = 9E34398A2832D54D0012174D /* nexo_camApp.swift */; };
		9E34398F2832D54E0012174D /* Assets.xcassets in Resources */ = {isa = PBXBuildFile; fileRef = 9E34398E2832D54E0012174D /* Assets.xcassets */; };
		9E3439922832D54E0012174D /* Preview Assets.xcassets in Resources */ = {isa = PBXBuildFile; fileRef = 9E3439912832D54E0012174D /* Preview Assets.xcassets */; };
		9E34399A2832D5AC0012174D /* CameraError.swift in Sources */ = {isa = PBXBuildFile; fileRef = 9E3439992832D5AC0012174D /* CameraError.swift */; };
		9E34399D2832D5E00012174D /* CGImageExtension.swift in Sources */ = {isa = PBXBuildFile; fileRef = 9E34399C2832D5E00012174D /* CGImageExtension.swift */; };
		9E3439A02832D6140012174D /* CameraView.swift in Sources */ = {isa = PBXBuildFile; fileRef = 9E34399F2832D6140012174D /* CameraView.swift */; };
		9E3439A22832D6320012174D /* CameraErrorView.swift in Sources */ = {isa = PBXBuildFile; fileRef = 9E3439A12832D6320012174D /* CameraErrorView.swift */; };
		9E3439A42832D64D0012174D /* CameraControlView.swift in Sources */ = {isa = PBXBuildFile; fileRef = 9E3439A32832D64D0012174D /* CameraControlView.swift */; };
		9E3439A82832D7B60012174D /* FrameView.swift in Sources */ = {isa = PBXBuildFile; fileRef = 9E3439A72832D7B60012174D /* FrameView.swift */; };
		9E3439AA2832D8FB0012174D /* CameraManager.swift in Sources */ = {isa = PBXBuildFile; fileRef = 9E3439A92832D8FB0012174D /* CameraManager.swift */; };
		9E3439AD2832DCBD0012174D /* FrameManager.swift in Sources */ = {isa = PBXBuildFile; fileRef = 9E3439AC2832DCBD0012174D /* FrameManager.swift */; };
		9E3439B02832DD490012174D /* CameraViewModel.swift in Sources */ = {isa = PBXBuildFile; fileRef = 9E3439AF2832DD490012174D /* CameraViewModel.swift */; };
/* End PBXBuildFile section */

/* Begin PBXFileReference section */
		9E3439872832D54D0012174D /* nexo-cam.app */ = {isa = PBXFileReference; explicitFileType = wrapper.application; includeInIndex = 0; path = "nexo-cam.app"; sourceTree = BUILT_PRODUCTS_DIR; };
		9E34398A2832D54D0012174D /* nexo_camApp.swift */ = {isa = PBXFileReference; lastKnownFileType = sourcecode.swift; path = nexo_camApp.swift; sourceTree = "<group>"; };
		9E34398E2832D54E0012174D /* Assets.xcassets */ = {isa = PBXFileReference; lastKnownFileType = folder.assetcatalog; path = Assets.xcassets; sourceTree = "<group>"; };
		9E3439912832D54E0012174D /* Preview Assets.xcassets */ = {isa = PBXFileReference; lastKnownFileType = folder.assetcatalog; path = "Preview Assets.xcassets"; sourceTree = "<group>"; };
		9E3439992832D5AC0012174D /* CameraError.swift */ = {isa = PBXFileReference; lastKnownFileType = sourcecode.swift; path = CameraError.swift; sourceTree = "<group>"; };
		9E34399C2832D5E00012174D /* CGImageExtension.swift */ = {isa = PBXFileReference; lastKnownFileType = sourcecode.swift; path = CGImageExtension.swift; sourceTree = "<group>"; };
		9E34399F2832D6140012174D /* CameraView.swift */ = {isa = PBXFileReference; lastKnownFileType = sourcecode.swift; path = CameraView.swift; sourceTree = "<group>"; };
		9E3439A12832D6320012174D /* CameraErrorView.swift */ = {isa = PBXFileReference; lastKnownFileType = sourcecode.swift; path = CameraErrorView.swift; sourceTree = "<group>"; };
		9E3439A32832D64D0012174D /* CameraControlView.swift */ = {isa = PBXFileReference; lastKnownFileType = sourcecode.swift; path = CameraControlView.swift; sourceTree = "<group>"; };
		9E3439A72832D7B60012174D /* FrameView.swift */ = {isa = PBXFileReference; lastKnownFileType = sourcecode.swift; path = FrameView.swift; sourceTree = "<group>"; };
		9E3439A92832D8FB0012174D /* CameraManager.swift */ = {isa = PBXFileReference; lastKnownFileType = sourcecode.swift; path = CameraManager.swift; sourceTree = "<group>"; };
		9E3439AC2832DCBD0012174D /* FrameManager.swift */ = {isa = PBXFileReference; lastKnownFileType = sourcecode.swift; path = FrameManager.swift; sourceTree = "<group>"; };
		9E3439AF2832DD490012174D /* CameraViewModel.swift */ = {isa = PBXFileReference; lastKnownFileType = sourcecode.swift; path = CameraViewModel.swift; sourceTree = "<group>"; };
/* End PBXFileReference section */

/* Begin PBXFrameworksBuildPhase section */
		9E3439842832D54D0012174D /* Frameworks */ = {
			isa = PBXFrameworksBuildPhase;
			buildActionMask = 2147483647;
			files = (
			);
			runOnlyForDeploymentPostprocessing = 0;
		};
/* End PBXFrameworksBuildPhase section */

/* Begin PBXGroup section */
		9E34397E2832D54D0012174D = {
			isa = PBXGroup;
			children = (
				9E3439892832D54D0012174D /* nexo-cam */,
				9E3439882832D54D0012174D /* Products */,
			);
			sourceTree = "<group>";
		};
		9E3439882832D54D0012174D /* Products */ = {
			isa = PBXGroup;
			children = (
				9E3439872832D54D0012174D /* nexo-cam.app */,
			);
			name = Products;
			sourceTree = "<group>";
		};
		9E3439892832D54D0012174D /* nexo-cam */ = {
			isa = PBXGroup;
			children = (
				9E3439AE2832DD320012174D /* ViewModels */,
				9E34399E2832D5FB0012174D /* Views */,
				9E34399B2832D5CB0012174D /* Extensions */,
				9E3439982832D59D0012174D /* Camera */,
				9E34398A2832D54D0012174D /* nexo_camApp.swift */,
				9E34398E2832D54E0012174D /* Assets.xcassets */,
				9E3439902832D54E0012174D /* Preview Content */,
			);
			path = "nexo-cam";
			sourceTree = "<group>";
		};
		9E3439902832D54E0012174D /* Preview Content */ = {
			isa = PBXGroup;
			children = (
				9E3439912832D54E0012174D /* Preview Assets.xcassets */,
			);
			path = "Preview Content";
			sourceTree = "<group>";
		};
		9E3439982832D59D0012174D /* Camera */ = {
			isa = PBXGroup;
			children = (
				9E3439992832D5AC0012174D /* CameraError.swift */,
				9E3439A92832D8FB0012174D /* CameraManager.swift */,
				9E3439AC2832DCBD0012174D /* FrameManager.swift */,
			);
			path = Camera;
			sourceTree = "<group>";
		};
		9E34399B2832D5CB0012174D /* Extensions */ = {
			isa = PBXGroup;
			children = (
				9E34399C2832D5E00012174D /* CGImageExtension.swift */,
			);
			path = Extensions;
			sourceTree = "<group>";
		};
		9E34399E2832D5FB0012174D /* Views */ = {
			isa = PBXGroup;
			children = (
				9E34399F2832D6140012174D /* CameraView.swift */,
				9E3439A12832D6320012174D /* CameraErrorView.swift */,
				9E3439A32832D64D0012174D /* CameraControlView.swift */,
				9E3439A72832D7B60012174D /* FrameView.swift */,
			);
			path = Views;
			sourceTree = "<group>";
		};
		9E3439AE2832DD320012174D /* ViewModels */ = {
			isa = PBXGroup;
			children = (
				9E3439AF2832DD490012174D /* CameraViewModel.swift */,
			);
			path = ViewModels;
			sourceTree = "<group>";
		};
/* End PBXGroup section */

/* Begin PBXNativeTarget section */
		9E3439862832D54D0012174D /* nexo-cam */ = {
			isa = PBXNativeTarget;
			buildConfigurationList = 9E3439952832D54E0012174D /* Build configuration list for PBXNativeTarget "nexo-cam" */;
			buildPhases = (
				9E3439832832D54D0012174D /* Sources */,
				9E3439842832D54D0012174D /* Frameworks */,
				9E3439852832D54D0012174D /* Resources */,
			);
			buildRules = (
			);
			dependencies = (
			);
			name = "nexo-cam";
			productName = "nexo-cam";
			productReference = 9E3439872832D54D0012174D /* nexo-cam.app */;
			productType = "com.apple.product-type.application";
		};
/* End PBXNativeTarget section */

/* Begin PBXProject section */
		9E34397F2832D54D0012174D /* Project object */ = {
			isa = PBXProject;
			attributes = {
				BuildIndependentTargetsInParallel = 1;
				LastSwiftUpdateCheck = 1330;
				LastUpgradeCheck = 1330;
				TargetAttributes = {
					9E3439862832D54D0012174D = {
						CreatedOnToolsVersion = 13.3.1;
					};
				};
			};
			buildConfigurationList = 9E3439822832D54D0012174D /* Build configuration list for PBXProject "nexo-cam" */;
			compatibilityVersion = "Xcode 13.0";
			developmentRegion = en;
			hasScannedForEncodings = 0;
			knownRegions = (
				en,
				Base,
			);
			mainGroup = 9E34397E2832D54D0012174D;
			productRefGroup = 9E3439882832D54D0012174D /* Products */;
			projectDirPath = "";
			projectRoot = "";
			targets = (
				9E3439862832D54D0012174D /* nexo-cam */,
			);
		};
/* End PBXProject section */

/* Begin PBXResourcesBuildPhase section */
		9E3439852832D54D0012174D /* Resources */ = {
			isa = PBXResourcesBuildPhase;
			buildActionMask = 2147483647;
			files = (
				9E3439922832D54E0012174D /* Preview Assets.xcassets in Resources */,
				9E34398F2832D54E0012174D /* Assets.xcassets in Resources */,
			);
			runOnlyForDeploymentPostprocessing = 0;
		};
/* End PBXResourcesBuildPhase section */

/* Begin PBXSourcesBuildPhase section */
		9E3439832832D54D0012174D /* Sources */ = {
			isa = PBXSourcesBuildPhase;
			buildActionMask = 2147483647;
			files = (
				9E3439A82832D7B60012174D /* FrameView.swift in Sources */,
				9E3439A22832D6320012174D /* CameraErrorView.swift in Sources */,
				9E34398B2832D54D0012174D /* nexo_camApp.swift in Sources */,
				9E34399A2832D5AC0012174D /* CameraError.swift in Sources */,
				9E3439AD2832DCBD0012174D /* FrameManager.swift in Sources */,
				9E3439A02832D6140012174D /* CameraView.swift in Sources */,
				9E3439B02832DD490012174D /* CameraViewModel.swift in Sources */,
				9E3439A42832D64D0012174D /* CameraControlView.swift in Sources */,
				9E3439AA2832D8FB0012174D /* CameraManager.swift in Sources */,
				9E34399D2832D5E00012174D /* CGImageExtension.swift in Sources */,
			);
			runOnlyForDeploymentPostprocessing = 0;
		};
/* End PBXSourcesBuildPhase section */

/* Begin XCBuildConfiguration section */
		9E3439932832D54E0012174D /* Debug */ = {
			isa = XCBuildConfiguration;
			buildSettings = {
				ALWAYS_SEARCH_USER_PATHS = NO;
				CLANG_ANALYZER_NONNULL = YES;
				CLANG_ANALYZER_NUMBER_OBJECT_CONVERSION = YES_AGGRESSIVE;
				CLANG_CXX_LANGUAGE_STANDARD = "gnu++17";
				CLANG_ENABLE_MODULES = YES;
				CLANG_ENABLE_OBJC_ARC = YES;
				CLANG_ENABLE_OBJC_WEAK = YES;
				CLANG_WARN_BLOCK_CAPTURE_AUTORELEASING = YES;
				CLANG_WARN_BOOL_CONVERSION = YES;
				CLANG_WARN_COMMA = YES;
				CLANG_WARN_CONSTANT_CONVERSION = YES;
				CLANG_WARN_DEPRECATED_OBJC_IMPLEMENTATIONS = YES;
				CLANG_WARN_DIRECT_OBJC_ISA_USAGE = YES_ERROR;
				CLANG_WARN_DOCUMENTATION_COMMENTS = YES;
				CLANG_WARN_EMPTY_BODY = YES;
				CLANG_WARN_ENUM_CONVERSION = YES;
				CLANG_WARN_INFINITE_RECURSION = YES;
				CLANG_WARN_INT_CONVERSION = YES;
				CLANG_WARN_NON_LITERAL_NULL_CONVERSION = YES;
				CLANG_WARN_OBJC_IMPLICIT_RETAIN_SELF = YES;
				CLANG_WARN_OBJC_LITERAL_CONVERSION = YES;
				CLANG_WARN_OBJC_ROOT_CLASS = YES_ERROR;
				CLANG_WARN_QUOTED_INCLUDE_IN_FRAMEWORK_HEADER = YES;
				CLANG_WARN_RANGE_LOOP_ANALYSIS = YES;
				CLANG_WARN_STRICT_PROTOTYPES = YES;
				CLANG_WARN_SUSPICIOUS_MOVE = YES;
				CLANG_WARN_UNGUARDED_AVAILABILITY = YES_AGGRESSIVE;
				CLANG_WARN_UNREACHABLE_CODE = YES;
				CLANG_WARN__DUPLICATE_METHOD_MATCH = YES;
				COPY_PHASE_STRIP = NO;
				DEBUG_INFORMATION_FORMAT = dwarf;
				ENABLE_STRICT_OBJC_MSGSEND = YES;
				ENABLE_TESTABILITY = YES;
				GCC_C_LANGUAGE_STANDARD = gnu11;
				GCC_DYNAMIC_NO_PIC = NO;
				GCC_NO_COMMON_BLOCKS = YES;
				GCC_OPTIMIZATION_LEVEL = 0;
				GCC_PREPROCESSOR_DEFINITIONS = (
					"DEBUG=1",
					"$(inherited)",
				);
				GCC_WARN_64_TO_32_BIT_CONVERSION = YES;
				GCC_WARN_ABOUT_RETURN_TYPE = YES_ERROR;
				GCC_WARN_UNDECLARED_SELECTOR = YES;
				GCC_WARN_UNINITIALIZED_AUTOS = YES_AGGRESSIVE;
				GCC_WARN_UNUSED_FUNCTION = YES;
				GCC_WARN_UNUSED_VARIABLE = YES;
				IPHONEOS_DEPLOYMENT_TARGET = 15.4;
				MTL_ENABLE_DEBUG_INFO = INCLUDE_SOURCE;
				MTL_FAST_MATH = YES;
				ONLY_ACTIVE_ARCH = YES;
				SDKROOT = iphoneos;
				SWIFT_ACTIVE_COMPILATION_CONDITIONS = DEBUG;
				SWIFT_OPTIMIZATION_LEVEL = "-Onone";
			};
			name = Debug;
		};
		9E3439942832D54E0012174D /* Release */ = {
			isa = XCBuildConfiguration;
			buildSettings = {
				ALWAYS_SEARCH_USER_PATHS = NO;
				CLANG_ANALYZER_NONNULL = YES;
				CLANG_ANALYZER_NUMBER_OBJECT_CONVERSION = YES_AGGRESSIVE;
				CLANG_CXX_LANGUAGE_STANDARD = "gnu++17";
				CLANG_ENABLE_MODULES = YES;
				CLANG_ENABLE_OBJC_ARC = YES;
				CLANG_ENABLE_OBJC_WEAK = YES;
				CLANG_WARN_BLOCK_CAPTURE_AUTORELEASING = YES;
				CLANG_WARN_BOOL_CONVERSION = YES;
				CLANG_WARN_COMMA = YES;
				CLANG_WARN_CONSTANT_CONVERSION = YES;
				CLANG_WARN_DEPRECATED_OBJC_IMPLEMENTATIONS = YES;
				CLANG_WARN_DIRECT_OBJC_ISA_USAGE = YES_ERROR;
				CLANG_WARN_DOCUMENTATION_COMMENTS = YES;
				CLANG_WARN_EMPTY_BODY = YES;
				CLANG_WARN_ENUM_CONVERSION = YES;
				CLANG_WARN_INFINITE_RECURSION = YES;
				CLANG_WARN_INT_CONVERSION = YES;
				CLANG_WARN_NON_LITERAL_NULL_CONVERSION = YES;
				CLANG_WARN_OBJC_IMPLICIT_RETAIN_SELF = YES;
				CLANG_WARN_OBJC_LITERAL_CONVERSION = YES;
				CLANG_WARN_OBJC_ROOT_CLASS = YES_ERROR;
				CLANG_WARN_QUOTED_INCLUDE_IN_FRAMEWORK_HEADER = YES;
				CLANG_WARN_RANGE_LOOP_ANALYSIS = YES;
				CLANG_WARN_STRICT_PROTOTYPES = YES;
				CLANG_WARN_SUSPICIOUS_MOVE = YES;
				CLANG_WARN_UNGUARDED_AVAILABILITY = YES_AGGRESSIVE;
				CLANG_WARN_UNREACHABLE_CODE = YES;
				CLANG_WARN__DUPLICATE_METHOD_MATCH = YES;
				COPY_PHASE_STRIP = NO;
				DEBUG_INFORMATION_FORMAT = "dwarf-with-dsym";
				ENABLE_NS_ASSERTIONS = NO;
				ENABLE_STRICT_OBJC_MSGSEND = YES;
				GCC_C_LANGUAGE_STANDARD = gnu11;
				GCC_NO_COMMON_BLOCKS = YES;
				GCC_WARN_64_TO_32_BIT_CONVERSION = YES;
				GCC_WARN_ABOUT_RETURN_TYPE = YES_ERROR;
				GCC_WARN_UNDECLARED_SELECTOR = YES;
				GCC_WARN_UNINITIALIZED_AUTOS = YES_AGGRESSIVE;
				GCC_WARN_UNUSED_FUNCTION = YES;
				GCC_WARN_UNUSED_VARIABLE = YES;
				IPHONEOS_DEPLOYMENT_TARGET = 15.4;
				MTL_ENABLE_DEBUG_INFO = NO;
				MTL_FAST_MATH = YES;
				SDKROOT = iphoneos;
				SWIFT_COMPILATION_MODE = wholemodule;
				SWIFT_OPTIMIZATION_LEVEL = "-O";
				VALIDATE_PRODUCT = YES;
			};
			name = Release;
		};
		9E3439962832D54E0012174D /* Debug */ = {
			isa = XCBuildConfiguration;
			buildSettings = {
				ASSETCATALOG_COMPILER_APPICON_NAME = AppIcon;
				ASSETCATALOG_COMPILER_GLOBAL_ACCENT_COLOR_NAME = AccentColor;
				CODE_SIGN_STYLE = Automatic;
				CURRENT_PROJECT_VERSION = 1;
				DEVELOPMENT_ASSET_PATHS = "\"nexo-cam/Preview Content\"";
				DEVELOPMENT_TEAM = 4M37P4SA8Z;
				ENABLE_PREVIEWS = YES;
				GENERATE_INFOPLIST_FILE = YES;
				INFOPLIST_KEY_NSCameraUsageDescription = "This app uses the camera to take pictures and videos.";
				INFOPLIST_KEY_UIApplicationSceneManifest_Generation = YES;
				INFOPLIST_KEY_UIApplicationSupportsIndirectInputEvents = YES;
				INFOPLIST_KEY_UILaunchScreen_Generation = YES;
				INFOPLIST_KEY_UISupportedInterfaceOrientations_iPad = "UIInterfaceOrientationPortrait UIInterfaceOrientationPortraitUpsideDown UIInterfaceOrientationLandscapeLeft UIInterfaceOrientationLandscapeRight";
				INFOPLIST_KEY_UISupportedInterfaceOrientations_iPhone = "UIInterfaceOrientationPortrait UIInterfaceOrientationLandscapeLeft UIInterfaceOrientationLandscapeRight";
				LD_RUNPATH_SEARCH_PATHS = (
					"$(inherited)",
					"@executable_path/Frameworks",
				);
				MARKETING_VERSION = 1.0;
				PRODUCT_BUNDLE_IDENTIFIER = "luciacarrera.nexo-cam";
				PRODUCT_NAME = "$(TARGET_NAME)";
				SWIFT_EMIT_LOC_STRINGS = YES;
				SWIFT_VERSION = 5.0;
				TARGETED_DEVICE_FAMILY = "1,2";
			};
			name = Debug;
		};
		9E3439972832D54E0012174D /* Release */ = {
			isa = XCBuildConfiguration;
			buildSettings = {
				ASSETCATALOG_COMPILER_APPICON_NAME = AppIcon;
				ASSETCATALOG_COMPILER_GLOBAL_ACCENT_COLOR_NAME = AccentColor;
				CODE_SIGN_STYLE = Automatic;
				CURRENT_PROJECT_VERSION = 1;
				DEVELOPMENT_ASSET_PATHS = "\"nexo-cam/Preview Content\"";
				DEVELOPMENT_TEAM = 4M37P4SA8Z;
				ENABLE_PREVIEWS = YES;
				GENERATE_INFOPLIST_FILE = YES;
				INFOPLIST_KEY_NSCameraUsageDescription = "This app uses the camera to take pictures and videos.";
				INFOPLIST_KEY_UIApplicationSceneManifest_Generation = YES;
				INFOPLIST_KEY_UIApplicationSupportsIndirectInputEvents = YES;
				INFOPLIST_KEY_UILaunchScreen_Generation = YES;
				INFOPLIST_KEY_UISupportedInterfaceOrientations_iPad = "UIInterfaceOrientationPortrait UIInterfaceOrientationPortraitUpsideDown UIInterfaceOrientationLandscapeLeft UIInterfaceOrientationLandscapeRight";
				INFOPLIST_KEY_UISupportedInterfaceOrientations_iPhone = "UIInterfaceOrientationPortrait UIInterfaceOrientationLandscapeLeft UIInterfaceOrientationLandscapeRight";
				LD_RUNPATH_SEARCH_PATHS = (
					"$(inherited)",
					"@executable_path/Frameworks",
				);
				MARKETING_VERSION = 1.0;
				PRODUCT_BUNDLE_IDENTIFIER = "luciacarrera.nexo-cam";
				PRODUCT_NAME = "$(TARGET_NAME)";
				SWIFT_EMIT_LOC_STRINGS = YES;
				SWIFT_VERSION = 5.0;
				TARGETED_DEVICE_FAMILY = "1,2";
			};
			name = Release;
		};
/* End XCBuildConfiguration section */

/* Begin XCConfigurationList section */
		9E3439822832D54D0012174D /* Build configuration list for PBXProject "nexo-cam" */ = {
			isa = XCConfigurationList;
			buildConfigurations = (
				9E3439932832D54E0012174D /* Debug */,
				9E3439942832D54E0012174D /* Release */,
			);
			defaultConfigurationIsVisible = 0;
			defaultConfigurationName = Release;
		};
		9E3439952832D54E0012174D /* Build configuration list for PBXNativeTarget "nexo-cam" */ = {
			isa = XCConfigurationList;
			buildConfigurations = (
				9E3439962832D54E0012174D /* Debug */,
				9E3439972832D54E0012174D /* Release */,
			);
			defaultConfigurationIsVisible = 0;
			defaultConfigurationName = Release;
		};
/* End XCConfigurationList section */
	};
	rootObject = 9E34397F2832D54D0012174D /* Project object */;
}
