// !$*UTF8*$!
{
	archiveVersion = 1;
	classes = {
	};
	objectVersion = 55;
	objects = {

/* Begin PBXBuildFile section */
		9E1205ED28077C0600F839CD /* bluetoothCookiesApp.swift in Sources */ = {isa = PBXBuildFile; fileRef = 9E1205EC28077C0600F839CD /* bluetoothCookiesApp.swift */; };
		9E1205EF28077C0600F839CD /* ActionView.swift in Sources */ = {isa = PBXBuildFile; fileRef = 9E1205EE28077C0600F839CD /* ActionView.swift */; };
		9E1205F128077C0700F839CD /* Assets.xcassets in Resources */ = {isa = PBXBuildFile; fileRef = 9E1205F028077C0700F839CD /* Assets.xcassets */; };
		9E1205F428077C0700F839CD /* Preview Assets.xcassets in Resources */ = {isa = PBXBuildFile; fileRef = 9E1205F328077C0700F839CD /* Preview Assets.xcassets */; };
		9E1205FC28077DA800F839CD /* DeviceView.swift in Sources */ = {isa = PBXBuildFile; fileRef = 9E1205FB28077DA800F839CD /* DeviceView.swift */; };
		9E589FF02818B2DB00EBDD6A /* ResultView.swift in Sources */ = {isa = PBXBuildFile; fileRef = 9E589FEF2818B2DB00EBDD6A /* ResultView.swift */; };
		9E589FF228199B1600EBDD6A /* DummyView.swift in Sources */ = {isa = PBXBuildFile; fileRef = 9E589FF128199B1600EBDD6A /* DummyView.swift */; };
		9E589FF428199ED400EBDD6A /* Dummy.swift in Sources */ = {isa = PBXBuildFile; fileRef = 9E589FF328199ED400EBDD6A /* Dummy.swift */; };
		9E589FF728199F3100EBDD6A /* DummyModel.swift in Sources */ = {isa = PBXBuildFile; fileRef = 9E589FF628199F3100EBDD6A /* DummyModel.swift */; };
		9E67EE25280872A900D5FBB1 /* BLEManager.swift in Sources */ = {isa = PBXBuildFile; fileRef = 9E67EE24280872A900D5FBB1 /* BLEManager.swift */; };
/* End PBXBuildFile section */

/* Begin PBXFileReference section */
		9E1205E928077C0600F839CD /* bluetoothCookies.app */ = {isa = PBXFileReference; explicitFileType = wrapper.application; includeInIndex = 0; path = bluetoothCookies.app; sourceTree = BUILT_PRODUCTS_DIR; };
		9E1205EC28077C0600F839CD /* bluetoothCookiesApp.swift */ = {isa = PBXFileReference; lastKnownFileType = sourcecode.swift; path = bluetoothCookiesApp.swift; sourceTree = "<group>"; };
		9E1205EE28077C0600F839CD /* ActionView.swift */ = {isa = PBXFileReference; lastKnownFileType = sourcecode.swift; path = ActionView.swift; sourceTree = "<group>"; };
		9E1205F028077C0700F839CD /* Assets.xcassets */ = {isa = PBXFileReference; lastKnownFileType = folder.assetcatalog; path = Assets.xcassets; sourceTree = "<group>"; };
		9E1205F328077C0700F839CD /* Preview Assets.xcassets */ = {isa = PBXFileReference; lastKnownFileType = folder.assetcatalog; path = "Preview Assets.xcassets"; sourceTree = "<group>"; };
		9E1205FB28077DA800F839CD /* DeviceView.swift */ = {isa = PBXFileReference; lastKnownFileType = sourcecode.swift; path = DeviceView.swift; sourceTree = "<group>"; };
		9E589FEF2818B2DB00EBDD6A /* ResultView.swift */ = {isa = PBXFileReference; lastKnownFileType = sourcecode.swift; path = ResultView.swift; sourceTree = "<group>"; };
		9E589FF128199B1600EBDD6A /* DummyView.swift */ = {isa = PBXFileReference; lastKnownFileType = sourcecode.swift; path = DummyView.swift; sourceTree = "<group>"; };
		9E589FF328199ED400EBDD6A /* Dummy.swift */ = {isa = PBXFileReference; lastKnownFileType = sourcecode.swift; path = Dummy.swift; sourceTree = "<group>"; };
		9E589FF628199F3100EBDD6A /* DummyModel.swift */ = {isa = PBXFileReference; lastKnownFileType = sourcecode.swift; path = DummyModel.swift; sourceTree = "<group>"; };
		9E67EE24280872A900D5FBB1 /* BLEManager.swift */ = {isa = PBXFileReference; lastKnownFileType = sourcecode.swift; path = BLEManager.swift; sourceTree = "<group>"; };
		9E67EE622808780A00D5FBB1 /* Info.plist */ = {isa = PBXFileReference; lastKnownFileType = text.plist.xml; path = Info.plist; sourceTree = "<group>"; };
/* End PBXFileReference section */

/* Begin PBXFrameworksBuildPhase section */
		9E1205E628077C0600F839CD /* Frameworks */ = {
			isa = PBXFrameworksBuildPhase;
			buildActionMask = 2147483647;
			files = (
			);
			runOnlyForDeploymentPostprocessing = 0;
		};
/* End PBXFrameworksBuildPhase section */

/* Begin PBXGroup section */
		9E1205E028077C0600F839CD = {
			isa = PBXGroup;
			children = (
				9E1205EB28077C0600F839CD /* bluetoothCookies */,
				9E1205EA28077C0600F839CD /* Products */,
			);
			sourceTree = "<group>";
		};
		9E1205EA28077C0600F839CD /* Products */ = {
			isa = PBXGroup;
			children = (
				9E1205E928077C0600F839CD /* bluetoothCookies.app */,
			);
			name = Products;
			sourceTree = "<group>";
		};
		9E1205EB28077C0600F839CD /* bluetoothCookies */ = {
			isa = PBXGroup;
			children = (
				9E589FF528199F2000EBDD6A /* ViewModels */,
				9E67EE6E2808B8E700D5FBB1 /* Models */,
				9E67EE622808780A00D5FBB1 /* Info.plist */,
				9E67EE63280878A800D5FBB1 /* Info */,
				9E67EE26280874A900D5FBB1 /* Services */,
				9E1205FA28077C2600F839CD /* Views */,
				9E1205EC28077C0600F839CD /* bluetoothCookiesApp.swift */,
				9E1205F028077C0700F839CD /* Assets.xcassets */,
				9E1205F228077C0700F839CD /* Preview Content */,
			);
			path = bluetoothCookies;
			sourceTree = "<group>";
		};
		9E1205F228077C0700F839CD /* Preview Content */ = {
			isa = PBXGroup;
			children = (
				9E1205F328077C0700F839CD /* Preview Assets.xcassets */,
			);
			path = "Preview Content";
			sourceTree = "<group>";
		};
		9E1205FA28077C2600F839CD /* Views */ = {
			isa = PBXGroup;
			children = (
				9E1205EE28077C0600F839CD /* ActionView.swift */,
				9E1205FB28077DA800F839CD /* DeviceView.swift */,
				9E589FF128199B1600EBDD6A /* DummyView.swift */,
				9E589FEF2818B2DB00EBDD6A /* ResultView.swift */,
			);
			path = Views;
			sourceTree = "<group>";
		};
		9E589FF528199F2000EBDD6A /* ViewModels */ = {
			isa = PBXGroup;
			children = (
				9E589FF628199F3100EBDD6A /* DummyModel.swift */,
			);
			path = ViewModels;
			sourceTree = "<group>";
		};
		9E67EE26280874A900D5FBB1 /* Services */ = {
			isa = PBXGroup;
			children = (
				9E67EE24280872A900D5FBB1 /* BLEManager.swift */,
			);
			path = Services;
			sourceTree = "<group>";
		};
		9E67EE63280878A800D5FBB1 /* Info */ = {
			isa = PBXGroup;
			children = (
			);
			path = Info;
			sourceTree = "<group>";
		};
		9E67EE6E2808B8E700D5FBB1 /* Models */ = {
			isa = PBXGroup;
			children = (
				9E589FF328199ED400EBDD6A /* Dummy.swift */,
			);
			path = Models;
			sourceTree = "<group>";
		};
/* End PBXGroup section */

/* Begin PBXNativeTarget section */
		9E1205E828077C0600F839CD /* bluetoothCookies */ = {
			isa = PBXNativeTarget;
			buildConfigurationList = 9E1205F728077C0700F839CD /* Build configuration list for PBXNativeTarget "bluetoothCookies" */;
			buildPhases = (
				9E1205E528077C0600F839CD /* Sources */,
				9E1205E628077C0600F839CD /* Frameworks */,
				9E1205E728077C0600F839CD /* Resources */,
			);
			buildRules = (
			);
			dependencies = (
			);
			name = bluetoothCookies;
			productName = bluetoothCookies;
			productReference = 9E1205E928077C0600F839CD /* bluetoothCookies.app */;
			productType = "com.apple.product-type.application";
		};
/* End PBXNativeTarget section */

/* Begin PBXProject section */
		9E1205E128077C0600F839CD /* Project object */ = {
			isa = PBXProject;
			attributes = {
				BuildIndependentTargetsInParallel = 1;
				LastSwiftUpdateCheck = 1330;
				LastUpgradeCheck = 1330;
				TargetAttributes = {
					9E1205E828077C0600F839CD = {
						CreatedOnToolsVersion = 13.3.1;
					};
				};
			};
			buildConfigurationList = 9E1205E428077C0600F839CD /* Build configuration list for PBXProject "bluetoothCookies" */;
			compatibilityVersion = "Xcode 13.0";
			developmentRegion = en;
			hasScannedForEncodings = 0;
			knownRegions = (
				en,
				Base,
			);
			mainGroup = 9E1205E028077C0600F839CD;
			productRefGroup = 9E1205EA28077C0600F839CD /* Products */;
			projectDirPath = "";
			projectRoot = "";
			targets = (
				9E1205E828077C0600F839CD /* bluetoothCookies */,
			);
		};
/* End PBXProject section */

/* Begin PBXResourcesBuildPhase section */
		9E1205E728077C0600F839CD /* Resources */ = {
			isa = PBXResourcesBuildPhase;
			buildActionMask = 2147483647;
			files = (
				9E1205F428077C0700F839CD /* Preview Assets.xcassets in Resources */,
				9E1205F128077C0700F839CD /* Assets.xcassets in Resources */,
			);
			runOnlyForDeploymentPostprocessing = 0;
		};
/* End PBXResourcesBuildPhase section */

/* Begin PBXSourcesBuildPhase section */
		9E1205E528077C0600F839CD /* Sources */ = {
			isa = PBXSourcesBuildPhase;
			buildActionMask = 2147483647;
			files = (
				9E589FF228199B1600EBDD6A /* DummyView.swift in Sources */,
				9E1205EF28077C0600F839CD /* ActionView.swift in Sources */,
				9E67EE25280872A900D5FBB1 /* BLEManager.swift in Sources */,
				9E1205ED28077C0600F839CD /* bluetoothCookiesApp.swift in Sources */,
				9E589FF428199ED400EBDD6A /* Dummy.swift in Sources */,
				9E589FF728199F3100EBDD6A /* DummyModel.swift in Sources */,
				9E1205FC28077DA800F839CD /* DeviceView.swift in Sources */,
				9E589FF02818B2DB00EBDD6A /* ResultView.swift in Sources */,
			);
			runOnlyForDeploymentPostprocessing = 0;
		};
/* End PBXSourcesBuildPhase section */

/* Begin XCBuildConfiguration section */
		9E1205F528077C0700F839CD /* Debug */ = {
			isa = XCBuildConfiguration;
			buildSettings = {
				ALWAYS_SEARCH_USER_PATHS = NO;
				CLANG_ANALYZER_NONNULL = YES;
				CLANG_ANALYZER_NUMBER_OBJECT_CONVERSION = YES_AGGRESSIVE;
				CLANG_CXX_LANGUAGE_STANDARD = "gnu++17";
				CLANG_ENABLE_MODULES = YES;
				CLANG_ENABLE_OBJC_ARC = YES;
				CLANG_ENABLE_OBJC_WEAK = YES;
				CLANG_WARN_BLOCK_CAPTURE_AUTORELEASING = YES;
				CLANG_WARN_BOOL_CONVERSION = YES;
				CLANG_WARN_COMMA = YES;
				CLANG_WARN_CONSTANT_CONVERSION = YES;
				CLANG_WARN_DEPRECATED_OBJC_IMPLEMENTATIONS = YES;
				CLANG_WARN_DIRECT_OBJC_ISA_USAGE = YES_ERROR;
				CLANG_WARN_DOCUMENTATION_COMMENTS = YES;
				CLANG_WARN_EMPTY_BODY = YES;
				CLANG_WARN_ENUM_CONVERSION = YES;
				CLANG_WARN_INFINITE_RECURSION = YES;
				CLANG_WARN_INT_CONVERSION = YES;
				CLANG_WARN_NON_LITERAL_NULL_CONVERSION = YES;
				CLANG_WARN_OBJC_IMPLICIT_RETAIN_SELF = YES;
				CLANG_WARN_OBJC_LITERAL_CONVERSION = YES;
				CLANG_WARN_OBJC_ROOT_CLASS = YES_ERROR;
				CLANG_WARN_QUOTED_INCLUDE_IN_FRAMEWORK_HEADER = YES;
				CLANG_WARN_RANGE_LOOP_ANALYSIS = YES;
				CLANG_WARN_STRICT_PROTOTYPES = YES;
				CLANG_WARN_SUSPICIOUS_MOVE = YES;
				CLANG_WARN_UNGUARDED_AVAILABILITY = YES_AGGRESSIVE;
				CLANG_WARN_UNREACHABLE_CODE = YES;
				CLANG_WARN__DUPLICATE_METHOD_MATCH = YES;
				COPY_PHASE_STRIP = NO;
				DEBUG_INFORMATION_FORMAT = dwarf;
				ENABLE_STRICT_OBJC_MSGSEND = YES;
				ENABLE_TESTABILITY = YES;
				GCC_C_LANGUAGE_STANDARD = gnu11;
				GCC_DYNAMIC_NO_PIC = NO;
				GCC_NO_COMMON_BLOCKS = YES;
				GCC_OPTIMIZATION_LEVEL = 0;
				GCC_PREPROCESSOR_DEFINITIONS = (
					"DEBUG=1",
					"$(inherited)",
				);
				GCC_WARN_64_TO_32_BIT_CONVERSION = YES;
				GCC_WARN_ABOUT_RETURN_TYPE = YES_ERROR;
				GCC_WARN_UNDECLARED_SELECTOR = YES;
				GCC_WARN_UNINITIALIZED_AUTOS = YES_AGGRESSIVE;
				GCC_WARN_UNUSED_FUNCTION = YES;
				GCC_WARN_UNUSED_VARIABLE = YES;
				IPHONEOS_DEPLOYMENT_TARGET = 15.4;
				MTL_ENABLE_DEBUG_INFO = INCLUDE_SOURCE;
				MTL_FAST_MATH = YES;
				ONLY_ACTIVE_ARCH = YES;
				SDKROOT = iphoneos;
				SWIFT_ACTIVE_COMPILATION_CONDITIONS = DEBUG;
				SWIFT_OPTIMIZATION_LEVEL = "-Onone";
			};
			name = Debug;
		};
		9E1205F628077C0700F839CD /* Release */ = {
			isa = XCBuildConfiguration;
			buildSettings = {
				ALWAYS_SEARCH_USER_PATHS = NO;
				CLANG_ANALYZER_NONNULL = YES;
				CLANG_ANALYZER_NUMBER_OBJECT_CONVERSION = YES_AGGRESSIVE;
				CLANG_CXX_LANGUAGE_STANDARD = "gnu++17";
				CLANG_ENABLE_MODULES = YES;
				CLANG_ENABLE_OBJC_ARC = YES;
				CLANG_ENABLE_OBJC_WEAK = YES;
				CLANG_WARN_BLOCK_CAPTURE_AUTORELEASING = YES;
				CLANG_WARN_BOOL_CONVERSION = YES;
				CLANG_WARN_COMMA = YES;
				CLANG_WARN_CONSTANT_CONVERSION = YES;
				CLANG_WARN_DEPRECATED_OBJC_IMPLEMENTATIONS = YES;
				CLANG_WARN_DIRECT_OBJC_ISA_USAGE = YES_ERROR;
				CLANG_WARN_DOCUMENTATION_COMMENTS = YES;
				CLANG_WARN_EMPTY_BODY = YES;
				CLANG_WARN_ENUM_CONVERSION = YES;
				CLANG_WARN_INFINITE_RECURSION = YES;
				CLANG_WARN_INT_CONVERSION = YES;
				CLANG_WARN_NON_LITERAL_NULL_CONVERSION = YES;
				CLANG_WARN_OBJC_IMPLICIT_RETAIN_SELF = YES;
				CLANG_WARN_OBJC_LITERAL_CONVERSION = YES;
				CLANG_WARN_OBJC_ROOT_CLASS = YES_ERROR;
				CLANG_WARN_QUOTED_INCLUDE_IN_FRAMEWORK_HEADER = YES;
				CLANG_WARN_RANGE_LOOP_ANALYSIS = YES;
				CLANG_WARN_STRICT_PROTOTYPES = YES;
				CLANG_WARN_SUSPICIOUS_MOVE = YES;
				CLANG_WARN_UNGUARDED_AVAILABILITY = YES_AGGRESSIVE;
				CLANG_WARN_UNREACHABLE_CODE = YES;
				CLANG_WARN__DUPLICATE_METHOD_MATCH = YES;
				COPY_PHASE_STRIP = NO;
				DEBUG_INFORMATION_FORMAT = "dwarf-with-dsym";
				ENABLE_NS_ASSERTIONS = NO;
				ENABLE_STRICT_OBJC_MSGSEND = YES;
				GCC_C_LANGUAGE_STANDARD = gnu11;
				GCC_NO_COMMON_BLOCKS = YES;
				GCC_WARN_64_TO_32_BIT_CONVERSION = YES;
				GCC_WARN_ABOUT_RETURN_TYPE = YES_ERROR;
				GCC_WARN_UNDECLARED_SELECTOR = YES;
				GCC_WARN_UNINITIALIZED_AUTOS = YES_AGGRESSIVE;
				GCC_WARN_UNUSED_FUNCTION = YES;
				GCC_WARN_UNUSED_VARIABLE = YES;
				IPHONEOS_DEPLOYMENT_TARGET = 15.4;
				MTL_ENABLE_DEBUG_INFO = NO;
				MTL_FAST_MATH = YES;
				SDKROOT = iphoneos;
				SWIFT_COMPILATION_MODE = wholemodule;
				SWIFT_OPTIMIZATION_LEVEL = "-O";
				VALIDATE_PRODUCT = YES;
			};
			name = Release;
		};
		9E1205F828077C0700F839CD /* Debug */ = {
			isa = XCBuildConfiguration;
			buildSettings = {
				ASSETCATALOG_COMPILER_APPICON_NAME = AppIcon;
				ASSETCATALOG_COMPILER_GLOBAL_ACCENT_COLOR_NAME = AccentColor;
				CODE_SIGN_STYLE = Automatic;
				CURRENT_PROJECT_VERSION = 1;
				DEVELOPMENT_ASSET_PATHS = "\"bluetoothCookies/Preview Content\"";
				DEVELOPMENT_TEAM = 4M37P4SA8Z;
				ENABLE_PREVIEWS = YES;
				GENERATE_INFOPLIST_FILE = YES;
				INFOPLIST_FILE = bluetoothCookies/Info.plist;
				INFOPLIST_KEY_NSBluetoothAlwaysUsageDescription = "This app uses Bluetooth for scanning peripherals.";
				INFOPLIST_KEY_NSBluetoothPeripheralUsageDescription = "This app uses Bluetooth for scanning peripherals.";
				INFOPLIST_KEY_UIApplicationSceneManifest_Generation = YES;
				INFOPLIST_KEY_UIApplicationSupportsIndirectInputEvents = YES;
				INFOPLIST_KEY_UILaunchScreen_Generation = YES;
				INFOPLIST_KEY_UISupportedInterfaceOrientations_iPad = "UIInterfaceOrientationPortrait UIInterfaceOrientationPortraitUpsideDown UIInterfaceOrientationLandscapeLeft UIInterfaceOrientationLandscapeRight";
				INFOPLIST_KEY_UISupportedInterfaceOrientations_iPhone = "UIInterfaceOrientationPortrait UIInterfaceOrientationLandscapeLeft UIInterfaceOrientationLandscapeRight";
				IPHONEOS_DEPLOYMENT_TARGET = 14.0;
				LD_RUNPATH_SEARCH_PATHS = (
					"$(inherited)",
					"@executable_path/Frameworks",
				);
				MARKETING_VERSION = 1.0;
				PRODUCT_BUNDLE_IDENTIFIER = luciacarrera.bluetoothCookiess;
				PRODUCT_NAME = "$(TARGET_NAME)";
				SWIFT_EMIT_LOC_STRINGS = YES;
				SWIFT_VERSION = 5.0;
				TARGETED_DEVICE_FAMILY = 1;
			};
			name = Debug;
		};
		9E1205F928077C0700F839CD /* Release */ = {
			isa = XCBuildConfiguration;
			buildSettings = {
				ASSETCATALOG_COMPILER_APPICON_NAME = AppIcon;
				ASSETCATALOG_COMPILER_GLOBAL_ACCENT_COLOR_NAME = AccentColor;
				CODE_SIGN_STYLE = Automatic;
				CURRENT_PROJECT_VERSION = 1;
				DEVELOPMENT_ASSET_PATHS = "\"bluetoothCookies/Preview Content\"";
				DEVELOPMENT_TEAM = 4M37P4SA8Z;
				ENABLE_PREVIEWS = YES;
				GENERATE_INFOPLIST_FILE = YES;
				INFOPLIST_FILE = bluetoothCookies/Info.plist;
				INFOPLIST_KEY_NSBluetoothAlwaysUsageDescription = "This app uses Bluetooth for scanning peripherals.";
				INFOPLIST_KEY_NSBluetoothPeripheralUsageDescription = "This app uses Bluetooth for scanning peripherals.";
				INFOPLIST_KEY_UIApplicationSceneManifest_Generation = YES;
				INFOPLIST_KEY_UIApplicationSupportsIndirectInputEvents = YES;
				INFOPLIST_KEY_UILaunchScreen_Generation = YES;
				INFOPLIST_KEY_UISupportedInterfaceOrientations_iPad = "UIInterfaceOrientationPortrait UIInterfaceOrientationPortraitUpsideDown UIInterfaceOrientationLandscapeLeft UIInterfaceOrientationLandscapeRight";
				INFOPLIST_KEY_UISupportedInterfaceOrientations_iPhone = "UIInterfaceOrientationPortrait UIInterfaceOrientationLandscapeLeft UIInterfaceOrientationLandscapeRight";
				IPHONEOS_DEPLOYMENT_TARGET = 14.0;
				LD_RUNPATH_SEARCH_PATHS = (
					"$(inherited)",
					"@executable_path/Frameworks",
				);
				MARKETING_VERSION = 1.0;
				PRODUCT_BUNDLE_IDENTIFIER = luciacarrera.bluetoothCookiess;
				PRODUCT_NAME = "$(TARGET_NAME)";
				SWIFT_EMIT_LOC_STRINGS = YES;
				SWIFT_VERSION = 5.0;
				TARGETED_DEVICE_FAMILY = 1;
			};
			name = Release;
		};
/* End XCBuildConfiguration section */

/* Begin XCConfigurationList section */
		9E1205E428077C0600F839CD /* Build configuration list for PBXProject "bluetoothCookies" */ = {
			isa = XCConfigurationList;
			buildConfigurations = (
				9E1205F528077C0700F839CD /* Debug */,
				9E1205F628077C0700F839CD /* Release */,
			);
			defaultConfigurationIsVisible = 0;
			defaultConfigurationName = Release;
		};
		9E1205F728077C0700F839CD /* Build configuration list for PBXNativeTarget "bluetoothCookies" */ = {
			isa = XCConfigurationList;
			buildConfigurations = (
				9E1205F828077C0700F839CD /* Debug */,
				9E1205F928077C0700F839CD /* Release */,
			);
			defaultConfigurationIsVisible = 0;
			defaultConfigurationName = Release;
		};
/* End XCConfigurationList section */
	};
	rootObject = 9E1205E128077C0600F839CD /* Project object */;
}
